
Microsoft Visual Studio Solution File, Format Version 12.00
# Visual Studio Version 16
VisualStudioVersion = 16.0.33214.272
MinimumVisualStudioVersion = 10.0.40219.1
Project("{FAE04EC0-301F-11D3-BF4B-00C04F79EFBC}") = "USB3_test", "USB3_test\USB3_test.csproj", "{9BB2BE42-D778-410D-B2CB-C373F5BE4A51}"
EndProject
Global
	GlobalSection(SolutionConfigurationPlatforms) = preSolution
		Debug|Any CPU = Debug|Any CPU
		Release|Any CPU = Release|Any CPU
	EndGlobalSection
	GlobalSection(ProjectConfigurationPlatforms) = postSolution
		{9BB2BE42-D778-410D-B2CB-C373F5BE4A51}.Debug|Any CPU.ActiveCfg = Debug|Any CPU
		{9BB2BE42-D778-410D-B2CB-C373F5BE4A51}.Debug|Any CPU.Build.0 = Debug|Any CPU
		{9BB2BE42-D778-410D-B2CB-C373F5BE4A51}.Release|Any CPU.ActiveCfg = Release|Any CPU
		{9BB2BE42-D778-410D-B2CB-C373F5BE4A51}.Release|Any CPU.Build.0 = Release|Any CPU
	EndGlobalSection
	GlobalSection(SolutionProperties) = preSolution
		HideSolutionNode = FALSE
	EndGlobalSection
	GlobalSection(ExtensibilityGlobals) = postSolution
		SolutionGuid = {CD02940F-036E-402B-92AB-FA9F48000A4B}
	EndGlobalSection
EndGlobal
